
Microsoft Visual Studio Solution File, Format Version 12.00
# Visual Studio Version 17
VisualStudioVersion = 17.7.34003.232
MinimumVisualStudioVersion = 10.0.40219.1
Project("{FAE04EC0-301F-11D3-BF4B-00C04F79EFBC}") = "Milestone3", "Milestone3\Milestone3.csproj", "{67E45446-27CE-4D14-A1F5-2C2B87333E63}"
EndProject
Global
	GlobalSection(SolutionConfigurationPlatforms) = preSolution
		Debug|Any CPU = Debug|Any CPU
		Release|Any CPU = Release|Any CPU
	EndGlobalSection
	GlobalSection(ProjectConfigurationPlatforms) = postSolution
		{67E45446-27CE-4D14-A1F5-2C2B87333E63}.Debug|Any CPU.ActiveCfg = Debug|Any CPU
		{67E45446-27CE-4D14-A1F5-2C2B87333E63}.Debug|Any CPU.Build.0 = Debug|Any CPU
		{67E45446-27CE-4D14-A1F5-2C2B87333E63}.Release|Any CPU.ActiveCfg = Release|Any CPU
		{67E45446-27CE-4D14-A1F5-2C2B87333E63}.Release|Any CPU.Build.0 = Release|Any CPU
	EndGlobalSection
	GlobalSection(SolutionProperties) = preSolution
		HideSolutionNode = FALSE
	EndGlobalSection
	GlobalSection(ExtensibilityGlobals) = postSolution
		SolutionGuid = {223DE622-7987-4189-A4F9-2DAA3A5027FC}
	EndGlobalSection
EndGlobal
