
Microsoft Visual Studio Solution File, Format Version 12.00
# Visual Studio Version 17
VisualStudioVersion = 17.7.34003.232
MinimumVisualStudioVersion = 10.0.40219.1
Project("{FAE04EC0-301F-11D3-BF4B-00C04F79EFBC}") = "Milestone2F2", "Milestone2F2\Milestone2F2.csproj", "{6948B5C1-66A6-4085-979E-B632D09FFFD2}"
EndProject
Global
	GlobalSection(SolutionConfigurationPlatforms) = preSolution
		Debug|Any CPU = Debug|Any CPU
		Release|Any CPU = Release|Any CPU
	EndGlobalSection
	GlobalSection(ProjectConfigurationPlatforms) = postSolution
		{6948B5C1-66A6-4085-979E-B632D09FFFD2}.Debug|Any CPU.ActiveCfg = Debug|Any CPU
		{6948B5C1-66A6-4085-979E-B632D09FFFD2}.Debug|Any CPU.Build.0 = Debug|Any CPU
		{6948B5C1-66A6-4085-979E-B632D09FFFD2}.Release|Any CPU.ActiveCfg = Release|Any CPU
		{6948B5C1-66A6-4085-979E-B632D09FFFD2}.Release|Any CPU.Build.0 = Release|Any CPU
	EndGlobalSection
	GlobalSection(SolutionProperties) = preSolution
		HideSolutionNode = FALSE
	EndGlobalSection
	GlobalSection(ExtensibilityGlobals) = postSolution
		SolutionGuid = {2B47D466-CAC5-4F8D-8520-B44873972590}
	EndGlobalSection
EndGlobal
